
Microsoft Visual Studio Solution File, Format Version 12.00
# Visual Studio 15
VisualStudioVersion = 15.0.28010.2026
MinimumVisualStudioVersion = 10.0.40219.1
Project("{FAE04EC0-301F-11D3-BF4B-00C04F79EFBC}") = "NSuiteX.Benchmark", "NSuiteX.Benchmark\NSuiteX.Benchmark.csproj", "{43EA2FD2-E316-40B0-890A-3AA47DE2F204}"
EndProject
Project("{FAE04EC0-301F-11D3-BF4B-00C04F79EFBC}") = "NSuiteX.Library", "NSuiteX.Library\NSuiteX.Library.csproj", "{F860281B-3C98-41A2-A545-BFC0AE677813}"
EndProject
Project("{FAE04EC0-301F-11D3-BF4B-00C04F79EFBC}") = "NSuiteX.TestCall", "NSuiteX.TestCall\NSuiteX.TestCall.csproj", "{7787B517-4B87-46F8-9202-2A4236B7BDAC}"
EndProject
Global
	GlobalSection(SolutionConfigurationPlatforms) = preSolution
		Debug|Any CPU = Debug|Any CPU
		Release|Any CPU = Release|Any CPU
	EndGlobalSection
	GlobalSection(ProjectConfigurationPlatforms) = postSolution
		{43EA2FD2-E316-40B0-890A-3AA47DE2F204}.Debug|Any CPU.ActiveCfg = Debug|Any CPU
		{43EA2FD2-E316-40B0-890A-3AA47DE2F204}.Debug|Any CPU.Build.0 = Debug|Any CPU
		{43EA2FD2-E316-40B0-890A-3AA47DE2F204}.Release|Any CPU.ActiveCfg = Release|Any CPU
		{43EA2FD2-E316-40B0-890A-3AA47DE2F204}.Release|Any CPU.Build.0 = Release|Any CPU
		{F860281B-3C98-41A2-A545-BFC0AE677813}.Debug|Any CPU.ActiveCfg = Debug|Any CPU
		{F860281B-3C98-41A2-A545-BFC0AE677813}.Debug|Any CPU.Build.0 = Debug|Any CPU
		{F860281B-3C98-41A2-A545-BFC0AE677813}.Release|Any CPU.ActiveCfg = Release|Any CPU
		{F860281B-3C98-41A2-A545-BFC0AE677813}.Release|Any CPU.Build.0 = Release|Any CPU
		{7787B517-4B87-46F8-9202-2A4236B7BDAC}.Debug|Any CPU.ActiveCfg = Debug|Any CPU
		{7787B517-4B87-46F8-9202-2A4236B7BDAC}.Debug|Any CPU.Build.0 = Debug|Any CPU
		{7787B517-4B87-46F8-9202-2A4236B7BDAC}.Release|Any CPU.ActiveCfg = Release|Any CPU
		{7787B517-4B87-46F8-9202-2A4236B7BDAC}.Release|Any CPU.Build.0 = Release|Any CPU
	EndGlobalSection
	GlobalSection(SolutionProperties) = preSolution
		HideSolutionNode = FALSE
	EndGlobalSection
	GlobalSection(ExtensibilityGlobals) = postSolution
		SolutionGuid = {C8FF4663-0CB0-4BAD-AEF0-A9776CA990D5}
	EndGlobalSection
EndGlobal
